
Microsoft Visual Studio Solution File, Format Version 12.00
# Visual Studio Version 16
VisualStudioVersion = 16.0.31321.278
MinimumVisualStudioVersion = 10.0.40219.1
Project("{FAE04EC0-301F-11D3-BF4B-00C04F79EFBC}") = "ProductCustomer", "ProductCustomer\ProductCustomer.csproj", "{E0BC2C6C-F21A-4035-B069-FF4AADC91084}"
EndProject
Global
	GlobalSection(SolutionConfigurationPlatforms) = preSolution
		Debug|Any CPU = Debug|Any CPU
		Release|Any CPU = Release|Any CPU
	EndGlobalSection
	GlobalSection(ProjectConfigurationPlatforms) = postSolution
		{E0BC2C6C-F21A-4035-B069-FF4AADC91084}.Debug|Any CPU.ActiveCfg = Debug|Any CPU
		{E0BC2C6C-F21A-4035-B069-FF4AADC91084}.Debug|Any CPU.Build.0 = Debug|Any CPU
		{E0BC2C6C-F21A-4035-B069-FF4AADC91084}.Release|Any CPU.ActiveCfg = Release|Any CPU
		{E0BC2C6C-F21A-4035-B069-FF4AADC91084}.Release|Any CPU.Build.0 = Release|Any CPU
	EndGlobalSection
	GlobalSection(SolutionProperties) = preSolution
		HideSolutionNode = FALSE
	EndGlobalSection
	GlobalSection(ExtensibilityGlobals) = postSolution
		SolutionGuid = {EF1D807E-0D48-41CB-85FC-3EFF06D760A6}
	EndGlobalSection
EndGlobal
